# This file is automatically @generated by Cargo.
# It is not intended for manual editing.
version = 3

[[package]]
name = "lg_power_mgmt"
version = "0.1.0"
dependencies = [
 "telnet",
]

[[package]]
name = "telnet"
version = "0.2.1"
source = "registry+https://github.com/rust-lang/crates.io-index"
checksum = "99f2cc260bea5219955ab4832c9600a41b87101d280939edae6dd10b3c68a4f3"
